
Microsoft Visual Studio Solution File, Format Version 12.00
# Visual Studio Version 17
VisualStudioVersion = 17.13.35919.96
MinimumVisualStudioVersion = 10.0.40219.1
Project("{FAE04EC0-301F-11D3-BF4B-00C04F79EFBC}") = "favflicks", "favflicks\favflicks.csproj", "{E17A91A8-A246-46BA-B11E-CD20BE9669C8}"
EndProject
Project("{FAE04EC0-301F-11D3-BF4B-00C04F79EFBC}") = "favflicks.data", "data\favflicks.data.csproj", "{7B435579-5595-4116-89E4-B1DD39D0A3E1}"
EndProject
Project("{FAE04EC0-301F-11D3-BF4B-00C04F79EFBC}") = "favflicks.services", "favflicks.services\favflicks.services.csproj", "{611898E3-5CF6-4393-B71E-D25EE6AB828C}"
EndProject
Global
	GlobalSection(SolutionConfigurationPlatforms) = preSolution
		Debug|Any CPU = Debug|Any CPU
		Release|Any CPU = Release|Any CPU
	EndGlobalSection
	GlobalSection(ProjectConfigurationPlatforms) = postSolution
		{E17A91A8-A246-46BA-B11E-CD20BE9669C8}.Debug|Any CPU.ActiveCfg = Debug|Any CPU
		{E17A91A8-A246-46BA-B11E-CD20BE9669C8}.Debug|Any CPU.Build.0 = Debug|Any CPU
		{E17A91A8-A246-46BA-B11E-CD20BE9669C8}.Release|Any CPU.ActiveCfg = Release|Any CPU
		{E17A91A8-A246-46BA-B11E-CD20BE9669C8}.Release|Any CPU.Build.0 = Release|Any CPU
		{7B435579-5595-4116-89E4-B1DD39D0A3E1}.Debug|Any CPU.ActiveCfg = Debug|Any CPU
		{7B435579-5595-4116-89E4-B1DD39D0A3E1}.Debug|Any CPU.Build.0 = Debug|Any CPU
		{7B435579-5595-4116-89E4-B1DD39D0A3E1}.Release|Any CPU.ActiveCfg = Release|Any CPU
		{7B435579-5595-4116-89E4-B1DD39D0A3E1}.Release|Any CPU.Build.0 = Release|Any CPU
		{611898E3-5CF6-4393-B71E-D25EE6AB828C}.Debug|Any CPU.ActiveCfg = Debug|Any CPU
		{611898E3-5CF6-4393-B71E-D25EE6AB828C}.Debug|Any CPU.Build.0 = Debug|Any CPU
		{611898E3-5CF6-4393-B71E-D25EE6AB828C}.Release|Any CPU.ActiveCfg = Release|Any CPU
		{611898E3-5CF6-4393-B71E-D25EE6AB828C}.Release|Any CPU.Build.0 = Release|Any CPU
	EndGlobalSection
	GlobalSection(SolutionProperties) = preSolution
		HideSolutionNode = FALSE
	EndGlobalSection
	GlobalSection(ExtensibilityGlobals) = postSolution
		SolutionGuid = {68B913F9-31BE-4A03-9FA0-DC06BEB658AC}
	EndGlobalSection
EndGlobal
